
Microsoft Visual Studio Solution File, Format Version 12.00
# Visual Studio Version 16
VisualStudioVersion = 16.0.32407.337
MinimumVisualStudioVersion = 10.0.40219.1
Project("{FAE04EC0-301F-11D3-BF4B-00C04F79EFBC}") = "EscolaOuline", "EscolaOuline\EscolaOuline.csproj", "{20948A28-2A1C-4CD6-920A-1C9DE21A5ABD}"
EndProject
Global
	GlobalSection(SolutionConfigurationPlatforms) = preSolution
		Debug|Any CPU = Debug|Any CPU
		Release|Any CPU = Release|Any CPU
	EndGlobalSection
	GlobalSection(ProjectConfigurationPlatforms) = postSolution
		{20948A28-2A1C-4CD6-920A-1C9DE21A5ABD}.Debug|Any CPU.ActiveCfg = Debug|Any CPU
		{20948A28-2A1C-4CD6-920A-1C9DE21A5ABD}.Debug|Any CPU.Build.0 = Debug|Any CPU
		{20948A28-2A1C-4CD6-920A-1C9DE21A5ABD}.Release|Any CPU.ActiveCfg = Release|Any CPU
		{20948A28-2A1C-4CD6-920A-1C9DE21A5ABD}.Release|Any CPU.Build.0 = Release|Any CPU
	EndGlobalSection
	GlobalSection(SolutionProperties) = preSolution
		HideSolutionNode = FALSE
	EndGlobalSection
	GlobalSection(ExtensibilityGlobals) = postSolution
		SolutionGuid = {0DA61B23-7CFD-4EEA-9440-5339A16202B1}
	EndGlobalSection
EndGlobal
